
Microsoft Visual Studio Solution File, Format Version 12.00
# Visual Studio Version 17
VisualStudioVersion = 17.0.31521.260
MinimumVisualStudioVersion = 10.0.40219.1
Project("{FAE04EC0-301F-11D3-BF4B-00C04F79EFBC}") = "GenericDelegates", "GenericDelegates\GenericDelegates.csproj", "{2E84E9C1-666E-46B3-A952-BD5266A1B17C}"
EndProject
Project("{FAE04EC0-301F-11D3-BF4B-00C04F79EFBC}") = "SystemGenericDelegates", "SystemGenericDelegates\SystemGenericDelegates.csproj", "{38E649A5-73D0-47C7-92DC-ED3AF6F62985}"
EndProject
Global
	GlobalSection(SolutionConfigurationPlatforms) = preSolution
		Debug|Any CPU = Debug|Any CPU
		Release|Any CPU = Release|Any CPU
	EndGlobalSection
	GlobalSection(ProjectConfigurationPlatforms) = postSolution
		{2E84E9C1-666E-46B3-A952-BD5266A1B17C}.Debug|Any CPU.ActiveCfg = Debug|Any CPU
		{2E84E9C1-666E-46B3-A952-BD5266A1B17C}.Debug|Any CPU.Build.0 = Debug|Any CPU
		{2E84E9C1-666E-46B3-A952-BD5266A1B17C}.Release|Any CPU.ActiveCfg = Release|Any CPU
		{2E84E9C1-666E-46B3-A952-BD5266A1B17C}.Release|Any CPU.Build.0 = Release|Any CPU
		{38E649A5-73D0-47C7-92DC-ED3AF6F62985}.Debug|Any CPU.ActiveCfg = Debug|Any CPU
		{38E649A5-73D0-47C7-92DC-ED3AF6F62985}.Debug|Any CPU.Build.0 = Debug|Any CPU
		{38E649A5-73D0-47C7-92DC-ED3AF6F62985}.Release|Any CPU.ActiveCfg = Release|Any CPU
		{38E649A5-73D0-47C7-92DC-ED3AF6F62985}.Release|Any CPU.Build.0 = Release|Any CPU
	EndGlobalSection
	GlobalSection(SolutionProperties) = preSolution
		HideSolutionNode = FALSE
	EndGlobalSection
	GlobalSection(ExtensibilityGlobals) = postSolution
		SolutionGuid = {108B9B21-2021-4F72-AAC7-8182B0334A6A}
	EndGlobalSection
EndGlobal
